<?xml version="1.0" encoding="utf-8"?>
<Project ToolsVersion="4.0" xmlns="http://schemas.microsoft.com/developer/msbuild/2003">
  <ItemGroup>
    <Filter Include="Source Files">
      <UniqueIdentifier>{E9C7FDCE-D52A-8D73-7EB0-C5296AF258F6}</UniqueIdentifier>
    </Filter>
    <Filter Include="PCH">
      <UniqueIdentifier>{eefa845f-5ff8-4110-8cb6-1e876b5ff0d5}</UniqueIdentifier>
    </Filter>
  </ItemGroup>
  <ItemGroup>
    <ClCompile Include="DesmosFinalVer.cpp">
      <Filter>Source Files</Filter>
    </ClCompile>
    <ClCompile Include="pch.cpp">
      <Filter>PCH</Filter>
    </ClCompile>
    <ClCompile Include="Clicker.cpp">
      <Filter>Source Files</Filter>
    </ClCompile>
    <ClCompile Include="Equation.cpp">
      <Filter>Source Files</Filter>
    </ClCompile>
    <ClCompile Include="SymbolDefines.cpp">
      <Filter>Source Files</Filter>
    </ClCompile>
  </ItemGroup>
  <ItemGroup>
    <ClInclude Include="pch.h">
      <Filter>PCH</Filter>
    </ClInclude>
    <ClInclude Include="Clicker.h">
      <Filter>Source Files</Filter>
    </ClInclude>
    <ClInclude Include="Defines.h">
      <Filter>Source Files</Filter>
    </ClInclude>
    <ClInclude Include="Equation.h">
      <Filter>Source Files</Filter>
    </ClInclude>
    <ClInclude Include="SymbolDefines.h">
      <Filter>Source Files</Filter>
    </ClInclude>
  </ItemGroup>
</Project>